// !$*UTF8*$!
{
	archiveVersion = 1;
	classes = {
	};
	objectVersion = 71;
	objects = {

/* Begin PBXBuildFile section */
		A10000000000000000000001 /* MacICNSApp.swift in Sources */ = {isa = PBXBuildFile; fileRef = A10000000000000000000011 /* MacICNSApp.swift */; };
		A10000000000000000000003 /* MacICNSTests.swift in Sources */ = {isa = PBXBuildFile; fileRef = A10000000000000000000013 /* MacICNSTests.swift */; };
		A20000000000000000000001 /* IconMapping.swift in Sources */ = {isa = PBXBuildFile; fileRef = A20000000000000000000011 /* IconMapping.swift */; };
		A20000000000000000000002 /* MappingStatus.swift in Sources */ = {isa = PBXBuildFile; fileRef = A20000000000000000000012 /* MappingStatus.swift */; };
		A20000000000000000000003 /* MappingRepository.swift in Sources */ = {isa = PBXBuildFile; fileRef = A20000000000000000000013 /* MappingRepository.swift */; };
		A20000000000000000000004 /* JSONMappingRepository.swift in Sources */ = {isa = PBXBuildFile; fileRef = A20000000000000000000014 /* JSONMappingRepository.swift */; };
		A20000000000000000000005 /* JSONMappingRepositoryTests.swift in Sources */ = {isa = PBXBuildFile; fileRef = A20000000000000000000015 /* JSONMappingRepositoryTests.swift */; };
		A30000000000000000000001 /* RepairCoordinatorTests.swift in Sources */ = {isa = PBXBuildFile; fileRef = A30000000000000000000011 /* RepairCoordinatorTests.swift */; };
		A30000000000000000000002 /* Repairing.swift in Sources */ = {isa = PBXBuildFile; fileRef = A30000000000000000000012 /* Repairing.swift */; };
		A30000000000000000000003 /* BundleFingerprinting.swift in Sources */ = {isa = PBXBuildFile; fileRef = A30000000000000000000013 /* BundleFingerprinting.swift */; };
		A30000000000000000000004 /* ApplicationLocator.swift in Sources */ = {isa = PBXBuildFile; fileRef = A30000000000000000000014 /* ApplicationLocator.swift */; };
		A30000000000000000000005 /* RepairCoordinator.swift in Sources */ = {isa = PBXBuildFile; fileRef = A30000000000000000000015 /* RepairCoordinator.swift */; };
		A40000000000000000000001 /* DirectIconApplierTests.swift in Sources */ = {isa = PBXBuildFile; fileRef = A40000000000000000000011 /* DirectIconApplierTests.swift */; };
		A40000000000000000000002 /* DirectIconApplier.swift in Sources */ = {isa = PBXBuildFile; fileRef = A40000000000000000000012 /* DirectIconApplier.swift */; };
		A40000000000000000000003 /* AppState.swift in Sources */ = {isa = PBXBuildFile; fileRef = A40000000000000000000013 /* AppState.swift */; };
		A40000000000000000000004 /* MappingListView.swift in Sources */ = {isa = PBXBuildFile; fileRef = A40000000000000000000014 /* MappingListView.swift */; };
		A80000000000000000000001 /* RepairSchedulerTests.swift in Sources */ = {isa = PBXBuildFile; fileRef = A80000000000000000000011 /* RepairSchedulerTests.swift */; };
		A80000000000000000000002 /* RepairScheduler.swift in Sources */ = {isa = PBXBuildFile; fileRef = A80000000000000000000012 /* RepairScheduler.swift */; };
		A80000000000000000000003 /* MappingFileMonitor.swift in Sources */ = {isa = PBXBuildFile; fileRef = A80000000000000000000013 /* MappingFileMonitor.swift */; };
		A90000000000000000000001 /* DiagnosticLoggerTests.swift in Sources */ = {isa = PBXBuildFile; fileRef = A90000000000000000000011 /* DiagnosticLoggerTests.swift */; };
		A90000000000000000000002 /* DiagnosticLogger.swift in Sources */ = {isa = PBXBuildFile; fileRef = A90000000000000000000012 /* DiagnosticLogger.swift */; };
		A90000000000000000000003 /* LoginItemService.swift in Sources */ = {isa = PBXBuildFile; fileRef = A90000000000000000000013 /* LoginItemService.swift */; };
		AA0000000000000000000001 /* ApplicationIconProviderTests.swift in Sources */ = {isa = PBXBuildFile; fileRef = AA0000000000000000000011 /* ApplicationIconProviderTests.swift */; };
		AA0000000000000000000002 /* ApplicationIconProvider.swift in Sources */ = {isa = PBXBuildFile; fileRef = AA0000000000000000000012 /* ApplicationIconProvider.swift */; };
		AA0000000000000000000003 /* AppIcon.icns in Resources */ = {isa = PBXBuildFile; fileRef = AA0000000000000000000014 /* AppIcon.icns */; };
		AE0000000000000000000001 /* ApplicationEligibilityServiceTests.swift in Sources */ = {isa = PBXBuildFile; fileRef = AE0000000000000000000011 /* ApplicationEligibilityServiceTests.swift */; };
		AE0000000000000000000002 /* ApplicationEligibilityService.swift in Sources */ = {isa = PBXBuildFile; fileRef = AE0000000000000000000012 /* ApplicationEligibilityService.swift */; };
		AF0000000000000000000001 /* ApplicationCatalogTests.swift in Sources */ = {isa = PBXBuildFile; fileRef = AF0000000000000000000011 /* ApplicationCatalogTests.swift */; };
		AF0000000000000000000002 /* ApplicationCatalog.swift in Sources */ = {isa = PBXBuildFile; fileRef = AF0000000000000000000012 /* ApplicationCatalog.swift */; };
		B00000000000000000000001 /* MappingEligibilityPrunerTests.swift in Sources */ = {isa = PBXBuildFile; fileRef = B00000000000000000000011 /* MappingEligibilityPrunerTests.swift */; };
		B00000000000000000000002 /* MappingEligibilityPruner.swift in Sources */ = {isa = PBXBuildFile; fileRef = B00000000000000000000012 /* MappingEligibilityPruner.swift */; };
		C00000000000000000000001 /* ApplicationLifecycleTests.swift in Sources */ = {isa = PBXBuildFile; fileRef = C00000000000000000000011 /* ApplicationLifecycleTests.swift */; };
		C00000000000000000000002 /* ApplicationLifecycle.swift in Sources */ = {isa = PBXBuildFile; fileRef = C00000000000000000000012 /* ApplicationLifecycle.swift */; };
		D10000000000000000000001 /* ApplicationRuntime.swift in Sources */ = {isa = PBXBuildFile; fileRef = D10000000000000000000011 /* ApplicationRuntime.swift */; };
		D10000000000000000000002 /* ApplicationRuntimeTests.swift in Sources */ = {isa = PBXBuildFile; fileRef = D10000000000000000000012 /* ApplicationRuntimeTests.swift */; };
/* End PBXBuildFile section */

/* Begin PBXContainerItemProxy section */
		A10000000000000000000031 /* PBXContainerItemProxy */ = {
			isa = PBXContainerItemProxy;
			containerPortal = A10000000000000000000040 /* Project object */;
			proxyType = 1;
			remoteGlobalIDString = A10000000000000000000051;
			remoteInfo = MacICNS;
		};
/* End PBXContainerItemProxy section */

/* Begin PBXCopyFilesBuildPhase section */
/* End PBXCopyFilesBuildPhase section */

/* Begin PBXFileReference section */
		A10000000000000000000011 /* MacICNSApp.swift */ = {isa = PBXFileReference; lastKnownFileType = sourcecode.swift; path = MacICNSApp.swift; sourceTree = "<group>"; };
		A10000000000000000000012 /* main.swift */ = {isa = PBXFileReference; lastKnownFileType = sourcecode.swift; path = main.swift; sourceTree = "<group>"; };
		A10000000000000000000013 /* MacICNSTests.swift */ = {isa = PBXFileReference; lastKnownFileType = sourcecode.swift; path = MacICNSTests.swift; sourceTree = "<group>"; };
		A10000000000000000000015 /* MacICNS.app */ = {isa = PBXFileReference; explicitFileType = wrapper.application; includeInIndex = 0; path = MacICNS.app; sourceTree = BUILT_PRODUCTS_DIR; };
		A10000000000000000000022 /* MacICNSTests.xctest */ = {isa = PBXFileReference; explicitFileType = wrapper.cfbundle; includeInIndex = 0; path = MacICNSTests.xctest; sourceTree = BUILT_PRODUCTS_DIR; };
		A20000000000000000000011 /* IconMapping.swift */ = {isa = PBXFileReference; lastKnownFileType = sourcecode.swift; path = IconMapping.swift; sourceTree = "<group>"; };
		A20000000000000000000012 /* MappingStatus.swift */ = {isa = PBXFileReference; lastKnownFileType = sourcecode.swift; path = MappingStatus.swift; sourceTree = "<group>"; };
		A20000000000000000000013 /* MappingRepository.swift */ = {isa = PBXFileReference; lastKnownFileType = sourcecode.swift; path = MappingRepository.swift; sourceTree = "<group>"; };
		A20000000000000000000014 /* JSONMappingRepository.swift */ = {isa = PBXFileReference; lastKnownFileType = sourcecode.swift; path = JSONMappingRepository.swift; sourceTree = "<group>"; };
		A20000000000000000000015 /* JSONMappingRepositoryTests.swift */ = {isa = PBXFileReference; lastKnownFileType = sourcecode.swift; path = JSONMappingRepositoryTests.swift; sourceTree = "<group>"; };
		A30000000000000000000011 /* RepairCoordinatorTests.swift */ = {isa = PBXFileReference; lastKnownFileType = sourcecode.swift; path = RepairCoordinatorTests.swift; sourceTree = "<group>"; };
		A30000000000000000000012 /* Repairing.swift */ = {isa = PBXFileReference; lastKnownFileType = sourcecode.swift; path = Repairing.swift; sourceTree = "<group>"; };
		A30000000000000000000013 /* BundleFingerprinting.swift */ = {isa = PBXFileReference; lastKnownFileType = sourcecode.swift; path = BundleFingerprinting.swift; sourceTree = "<group>"; };
		A30000000000000000000014 /* ApplicationLocator.swift */ = {isa = PBXFileReference; lastKnownFileType = sourcecode.swift; path = ApplicationLocator.swift; sourceTree = "<group>"; };
		A30000000000000000000015 /* RepairCoordinator.swift */ = {isa = PBXFileReference; lastKnownFileType = sourcecode.swift; path = RepairCoordinator.swift; sourceTree = "<group>"; };
		A40000000000000000000011 /* DirectIconApplierTests.swift */ = {isa = PBXFileReference; lastKnownFileType = sourcecode.swift; path = DirectIconApplierTests.swift; sourceTree = "<group>"; };
		A40000000000000000000012 /* DirectIconApplier.swift */ = {isa = PBXFileReference; lastKnownFileType = sourcecode.swift; path = DirectIconApplier.swift; sourceTree = "<group>"; };
		A40000000000000000000013 /* AppState.swift */ = {isa = PBXFileReference; lastKnownFileType = sourcecode.swift; path = AppState.swift; sourceTree = "<group>"; };
		A40000000000000000000014 /* MappingListView.swift */ = {isa = PBXFileReference; lastKnownFileType = sourcecode.swift; path = MappingListView.swift; sourceTree = "<group>"; };
		A80000000000000000000011 /* RepairSchedulerTests.swift */ = {isa = PBXFileReference; lastKnownFileType = sourcecode.swift; path = RepairSchedulerTests.swift; sourceTree = "<group>"; };
		A80000000000000000000012 /* RepairScheduler.swift */ = {isa = PBXFileReference; lastKnownFileType = sourcecode.swift; path = RepairScheduler.swift; sourceTree = "<group>"; };
		A80000000000000000000013 /* MappingFileMonitor.swift */ = {isa = PBXFileReference; lastKnownFileType = sourcecode.swift; path = MappingFileMonitor.swift; sourceTree = "<group>"; };
		A90000000000000000000011 /* DiagnosticLoggerTests.swift */ = {isa = PBXFileReference; lastKnownFileType = sourcecode.swift; path = DiagnosticLoggerTests.swift; sourceTree = "<group>"; };
		A90000000000000000000012 /* DiagnosticLogger.swift */ = {isa = PBXFileReference; lastKnownFileType = sourcecode.swift; path = DiagnosticLogger.swift; sourceTree = "<group>"; };
		A90000000000000000000013 /* LoginItemService.swift */ = {isa = PBXFileReference; lastKnownFileType = sourcecode.swift; path = LoginItemService.swift; sourceTree = "<group>"; };
		AA0000000000000000000011 /* ApplicationIconProviderTests.swift */ = {isa = PBXFileReference; lastKnownFileType = sourcecode.swift; path = ApplicationIconProviderTests.swift; sourceTree = "<group>"; };
		AA0000000000000000000012 /* ApplicationIconProvider.swift */ = {isa = PBXFileReference; lastKnownFileType = sourcecode.swift; path = ApplicationIconProvider.swift; sourceTree = "<group>"; };
		AA0000000000000000000013 /* AppIconSource.png */ = {isa = PBXFileReference; lastKnownFileType = image.png; path = AppIconSource.png; sourceTree = "<group>"; };
		AA0000000000000000000014 /* AppIcon.icns */ = {isa = PBXFileReference; lastKnownFileType = image.icns; path = AppIcon.icns; sourceTree = "<group>"; };
		AE0000000000000000000011 /* ApplicationEligibilityServiceTests.swift */ = {isa = PBXFileReference; lastKnownFileType = sourcecode.swift; path = ApplicationEligibilityServiceTests.swift; sourceTree = "<group>"; };
		AE0000000000000000000012 /* ApplicationEligibilityService.swift */ = {isa = PBXFileReference; lastKnownFileType = sourcecode.swift; path = ApplicationEligibilityService.swift; sourceTree = "<group>"; };
		AF0000000000000000000011 /* ApplicationCatalogTests.swift */ = {isa = PBXFileReference; lastKnownFileType = sourcecode.swift; path = ApplicationCatalogTests.swift; sourceTree = "<group>"; };
		AF0000000000000000000012 /* ApplicationCatalog.swift */ = {isa = PBXFileReference; lastKnownFileType = sourcecode.swift; path = ApplicationCatalog.swift; sourceTree = "<group>"; };
		B00000000000000000000011 /* MappingEligibilityPrunerTests.swift */ = {isa = PBXFileReference; lastKnownFileType = sourcecode.swift; path = MappingEligibilityPrunerTests.swift; sourceTree = "<group>"; };
		B00000000000000000000012 /* MappingEligibilityPruner.swift */ = {isa = PBXFileReference; lastKnownFileType = sourcecode.swift; path = MappingEligibilityPruner.swift; sourceTree = "<group>"; };
		C00000000000000000000011 /* ApplicationLifecycleTests.swift */ = {isa = PBXFileReference; lastKnownFileType = sourcecode.swift; path = ApplicationLifecycleTests.swift; sourceTree = "<group>"; };
		C00000000000000000000012 /* ApplicationLifecycle.swift */ = {isa = PBXFileReference; lastKnownFileType = sourcecode.swift; path = ApplicationLifecycle.swift; sourceTree = "<group>"; };
		D10000000000000000000011 /* ApplicationRuntime.swift */ = {isa = PBXFileReference; lastKnownFileType = sourcecode.swift; path = ApplicationRuntime.swift; sourceTree = "<group>"; };
		D10000000000000000000012 /* ApplicationRuntimeTests.swift */ = {isa = PBXFileReference; lastKnownFileType = sourcecode.swift; path = ApplicationRuntimeTests.swift; sourceTree = "<group>"; };
/* End PBXFileReference section */

/* Begin PBXFrameworksBuildPhase section */
		A10000000000000000000071 /* Frameworks */ = {
			isa = PBXFrameworksBuildPhase;
			buildActionMask = 2147483647;
			files = (
			);
			runOnlyForDeploymentPostprocessing = 0;
		};
		A10000000000000000000073 /* Frameworks */ = {
			isa = PBXFrameworksBuildPhase;
			buildActionMask = 2147483647;
			files = (
			);
			runOnlyForDeploymentPostprocessing = 0;
		};
/* End PBXFrameworksBuildPhase section */

/* Begin PBXGroup section */
		A10000000000000000000041 = {
			isa = PBXGroup;
			children = (
				A10000000000000000000042 /* MacICNS */,
				A10000000000000000000044 /* MacICNSTests */,
				A10000000000000000000045 /* Resources */,
				A10000000000000000000046 /* Products */,
			);
			sourceTree = "<group>";
		};
		A10000000000000000000042 /* MacICNS */ = {
			isa = PBXGroup;
			children = (
				A10000000000000000000047 /* App */,
				A20000000000000000000021 /* Domain */,
				A20000000000000000000022 /* Data */,
				A30000000000000000000021 /* Services */,
				A40000000000000000000021 /* UI */,
			);
			path = MacICNS;
			sourceTree = "<group>";
		};
		A10000000000000000000044 /* MacICNSTests */ = {
			isa = PBXGroup;
			children = (
				A10000000000000000000013 /* MacICNSTests.swift */,
				D10000000000000000000012 /* ApplicationRuntimeTests.swift */,
				A20000000000000000000015 /* JSONMappingRepositoryTests.swift */,
				A30000000000000000000011 /* RepairCoordinatorTests.swift */,
				A40000000000000000000011 /* DirectIconApplierTests.swift */,
				A80000000000000000000011 /* RepairSchedulerTests.swift */,
				A90000000000000000000011 /* DiagnosticLoggerTests.swift */,
				AA0000000000000000000011 /* ApplicationIconProviderTests.swift */,
				AE0000000000000000000011 /* ApplicationEligibilityServiceTests.swift */,
				AF0000000000000000000011 /* ApplicationCatalogTests.swift */,
				B00000000000000000000011 /* MappingEligibilityPrunerTests.swift */,
				C00000000000000000000011 /* ApplicationLifecycleTests.swift */,
			);
			path = MacICNSTests;
			sourceTree = "<group>";
		};
		A10000000000000000000045 /* Resources */ = {
			isa = PBXGroup;
			children = (
				AA0000000000000000000013 /* AppIconSource.png */,
			);
			path = Resources;
			sourceTree = "<group>";
		};
		A10000000000000000000046 /* Products */ = {
			isa = PBXGroup;
			children = (
				A10000000000000000000015 /* MacICNS.app */,
				A10000000000000000000022 /* MacICNSTests.xctest */,
			);
			name = Products;
			sourceTree = "<group>";
		};
		A10000000000000000000047 /* App */ = {
			isa = PBXGroup;
			children = (
				AA0000000000000000000014 /* AppIcon.icns */,
				A10000000000000000000011 /* MacICNSApp.swift */,
				A40000000000000000000013 /* AppState.swift */,
				C00000000000000000000012 /* ApplicationLifecycle.swift */,
			);
			path = App;
			sourceTree = "<group>";
		};
		A20000000000000000000021 /* Domain */ = {
			isa = PBXGroup;
			children = (
				A20000000000000000000011 /* IconMapping.swift */,
				A20000000000000000000012 /* MappingStatus.swift */,
				A30000000000000000000012 /* Repairing.swift */,
			);
			path = Domain;
			sourceTree = "<group>";
		};
		A20000000000000000000022 /* Data */ = {
			isa = PBXGroup;
			children = (
				A20000000000000000000013 /* MappingRepository.swift */,
				A20000000000000000000014 /* JSONMappingRepository.swift */,
				A90000000000000000000012 /* DiagnosticLogger.swift */,
			);
			path = Data;
			sourceTree = "<group>";
		};
		A30000000000000000000021 /* Services */ = {
			isa = PBXGroup;
			children = (
				AF0000000000000000000012 /* ApplicationCatalog.swift */,
				AE0000000000000000000012 /* ApplicationEligibilityService.swift */,
				AA0000000000000000000012 /* ApplicationIconProvider.swift */,
				D10000000000000000000011 /* ApplicationRuntime.swift */,
				A30000000000000000000013 /* BundleFingerprinting.swift */,
				A30000000000000000000014 /* ApplicationLocator.swift */,
				A30000000000000000000015 /* RepairCoordinator.swift */,
				A40000000000000000000012 /* DirectIconApplier.swift */,
				A80000000000000000000012 /* RepairScheduler.swift */,
				A80000000000000000000013 /* MappingFileMonitor.swift */,
				A90000000000000000000013 /* LoginItemService.swift */,
				B00000000000000000000012 /* MappingEligibilityPruner.swift */,
			);
			path = Services;
			sourceTree = "<group>";
		};
		A40000000000000000000021 /* UI */ = {
			isa = PBXGroup;
			children = (
				A40000000000000000000014 /* MappingListView.swift */,
			);
			path = UI;
			sourceTree = "<group>";
		};
/* End PBXGroup section */

/* Begin PBXNativeTarget section */
		A10000000000000000000051 /* MacICNS */ = {
			isa = PBXNativeTarget;
			buildConfigurationList = A10000000000000000000081 /* Build configuration list for PBXNativeTarget "MacICNS" */;
			buildPhases = (
				A10000000000000000000091 /* Sources */,
				A10000000000000000000071 /* Frameworks */,
				A10000000000000000000094 /* Resources */,
			);
			buildRules = (
			);
			dependencies = (
			);
			name = MacICNS;
			productName = MacICNS;
			productReference = A10000000000000000000015 /* MacICNS.app */;
			productType = "com.apple.product-type.application";
		};
		A10000000000000000000053 /* MacICNSTests */ = {
			isa = PBXNativeTarget;
			buildConfigurationList = A10000000000000000000083 /* Build configuration list for PBXNativeTarget "MacICNSTests" */;
			buildPhases = (
				A10000000000000000000093 /* Sources */,
				A10000000000000000000073 /* Frameworks */,
			);
			buildRules = (
			);
			dependencies = (
				A100000000000000000000A2 /* PBXTargetDependency */,
			);
			name = MacICNSTests;
			productName = MacICNSTests;
			productReference = A10000000000000000000022 /* MacICNSTests.xctest */;
			productType = "com.apple.product-type.bundle.unit-test";
		};
/* End PBXNativeTarget section */

/* Begin PBXProject section */
		A10000000000000000000040 /* Project object */ = {
			isa = PBXProject;
			attributes = {
				BuildIndependentTargetsInParallel = 1;
				LastSwiftUpdateCheck = 2660;
				LastUpgradeCheck = 2660;
				TargetAttributes = {
					A10000000000000000000051 = {
						CreatedOnToolsVersion = 26.6;
					};
					A10000000000000000000053 = {
						CreatedOnToolsVersion = 26.6;
						TestTargetID = A10000000000000000000051;
					};
				};
			};
			buildConfigurationList = A10000000000000000000080 /* Build configuration list for PBXProject "MacICNS" */;
			compatibilityVersion = "Xcode 16.0";
			developmentRegion = en;
			hasScannedForEncodings = 0;
			knownRegions = (
				en,
				Base,
			);
			mainGroup = A10000000000000000000041;
			productRefGroup = A10000000000000000000046 /* Products */;
			projectDirPath = "";
			projectRoot = "";
			targets = (
				A10000000000000000000051 /* MacICNS */,
				A10000000000000000000053 /* MacICNSTests */,
			);
		};
/* End PBXProject section */

/* Begin PBXResourcesBuildPhase section */
		A10000000000000000000094 /* Resources */ = {
			isa = PBXResourcesBuildPhase;
			buildActionMask = 2147483647;
			files = (
				AA0000000000000000000003 /* AppIcon.icns in Resources */,
			);
			runOnlyForDeploymentPostprocessing = 0;
		};
/* End PBXResourcesBuildPhase section */

/* Begin PBXSourcesBuildPhase section */
		A10000000000000000000091 /* Sources */ = {
			isa = PBXSourcesBuildPhase;
			buildActionMask = 2147483647;
			files = (
				AF0000000000000000000002 /* ApplicationCatalog.swift in Sources */,
				AE0000000000000000000002 /* ApplicationEligibilityService.swift in Sources */,
				AA0000000000000000000002 /* ApplicationIconProvider.swift in Sources */,
				A10000000000000000000001 /* MacICNSApp.swift in Sources */,
				A40000000000000000000003 /* AppState.swift in Sources */,
				A20000000000000000000001 /* IconMapping.swift in Sources */,
				A20000000000000000000002 /* MappingStatus.swift in Sources */,
				A20000000000000000000003 /* MappingRepository.swift in Sources */,
				A20000000000000000000004 /* JSONMappingRepository.swift in Sources */,
				A90000000000000000000002 /* DiagnosticLogger.swift in Sources */,
				A30000000000000000000002 /* Repairing.swift in Sources */,
				A30000000000000000000003 /* BundleFingerprinting.swift in Sources */,
				A30000000000000000000004 /* ApplicationLocator.swift in Sources */,
				A30000000000000000000005 /* RepairCoordinator.swift in Sources */,
				A40000000000000000000002 /* DirectIconApplier.swift in Sources */,
				A40000000000000000000004 /* MappingListView.swift in Sources */,
				A80000000000000000000002 /* RepairScheduler.swift in Sources */,
				A80000000000000000000003 /* MappingFileMonitor.swift in Sources */,
				A90000000000000000000003 /* LoginItemService.swift in Sources */,
				B00000000000000000000002 /* MappingEligibilityPruner.swift in Sources */,
				C00000000000000000000002 /* ApplicationLifecycle.swift in Sources */,
				D10000000000000000000001 /* ApplicationRuntime.swift in Sources */,
			);
			runOnlyForDeploymentPostprocessing = 0;
		};
		A10000000000000000000093 /* Sources */ = {
			isa = PBXSourcesBuildPhase;
			buildActionMask = 2147483647;
			files = (
				A10000000000000000000003 /* MacICNSTests.swift in Sources */,
				D10000000000000000000002 /* ApplicationRuntimeTests.swift in Sources */,
				AA0000000000000000000001 /* ApplicationIconProviderTests.swift in Sources */,
				A20000000000000000000005 /* JSONMappingRepositoryTests.swift in Sources */,
				A30000000000000000000001 /* RepairCoordinatorTests.swift in Sources */,
				A40000000000000000000001 /* DirectIconApplierTests.swift in Sources */,
				A80000000000000000000001 /* RepairSchedulerTests.swift in Sources */,
				A90000000000000000000001 /* DiagnosticLoggerTests.swift in Sources */,
				AE0000000000000000000001 /* ApplicationEligibilityServiceTests.swift in Sources */,
				AF0000000000000000000001 /* ApplicationCatalogTests.swift in Sources */,
				B00000000000000000000001 /* MappingEligibilityPrunerTests.swift in Sources */,
				C00000000000000000000001 /* ApplicationLifecycleTests.swift in Sources */,
			);
			runOnlyForDeploymentPostprocessing = 0;
		};
/* End PBXSourcesBuildPhase section */

/* Begin PBXTargetDependency section */
		A100000000000000000000A2 /* PBXTargetDependency */ = {
			isa = PBXTargetDependency;
			target = A10000000000000000000051 /* MacICNS */;
			targetProxy = A10000000000000000000031 /* PBXContainerItemProxy */;
		};
/* End PBXTargetDependency section */

/* Begin XCBuildConfiguration section */
		A100000000000000000000B0 /* Debug */ = {
			isa = XCBuildConfiguration;
			buildSettings = {
				CLANG_ENABLE_MODULES = YES;
				MACOSX_DEPLOYMENT_TARGET = 14.0;
				SWIFT_VERSION = 6.0;
			};
			name = Debug;
		};
		A100000000000000000000B1 /* Release */ = {
			isa = XCBuildConfiguration;
			buildSettings = {
				CLANG_ENABLE_MODULES = YES;
				MACOSX_DEPLOYMENT_TARGET = 14.0;
				SWIFT_VERSION = 6.0;
			};
			name = Release;
		};
		A100000000000000000000C0 /* Debug */ = {
			isa = XCBuildConfiguration;
			buildSettings = {
				AD_HOC_CODE_SIGNING_ALLOWED = NO;
				CODE_SIGN_IDENTITY = "Apple Development";
				CODE_SIGN_STYLE = Automatic;
				"DEVELOPMENT_TEAM[sdk=macosx*]" = DHAFYHA4FG;
				ENABLE_TESTABILITY = YES;
				GENERATE_INFOPLIST_FILE = NO;
				INFOPLIST_FILE = MacICNS/App/Info.plist;
				MACOSX_DEPLOYMENT_TARGET = 14.0;
				PRODUCT_BUNDLE_IDENTIFIER = com.guigx.macicns;
				PRODUCT_NAME = "$(TARGET_NAME)";
				SDKROOT = macosx;
				SWIFT_VERSION = 6.0;
			};
			name = Debug;
		};
		A100000000000000000000C1 /* Release */ = {
			isa = XCBuildConfiguration;
			buildSettings = {
				AD_HOC_CODE_SIGNING_ALLOWED = NO;
				CODE_SIGN_IDENTITY = "Apple Development";
				CODE_SIGN_STYLE = Automatic;
				"DEVELOPMENT_TEAM[sdk=macosx*]" = DHAFYHA4FG;
				GENERATE_INFOPLIST_FILE = NO;
				INFOPLIST_FILE = MacICNS/App/Info.plist;
				MACOSX_DEPLOYMENT_TARGET = 14.0;
				PRODUCT_BUNDLE_IDENTIFIER = com.guigx.macicns;
				PRODUCT_NAME = "$(TARGET_NAME)";
				SDKROOT = macosx;
				SWIFT_VERSION = 6.0;
			};
			name = Release;
		};
		A100000000000000000000E0 /* Debug */ = {
			isa = XCBuildConfiguration;
			buildSettings = {
				BUNDLE_LOADER = "$(TEST_HOST)";
				CODE_SIGNING_ALLOWED = NO;
				CODE_SIGN_STYLE = Automatic;
				GENERATE_INFOPLIST_FILE = YES;
				MACOSX_DEPLOYMENT_TARGET = 14.0;
				PRODUCT_BUNDLE_IDENTIFIER = com.guigx.macicns.tests;
				PRODUCT_NAME = "$(TARGET_NAME)";
				SDKROOT = macosx;
				SWIFT_VERSION = 6.0;
				TEST_HOST = "$(BUILT_PRODUCTS_DIR)/MacICNS.app/Contents/MacOS/MacICNS";
			};
			name = Debug;
		};
		A100000000000000000000E1 /* Release */ = {
			isa = XCBuildConfiguration;
			buildSettings = {
				BUNDLE_LOADER = "$(TEST_HOST)";
				CODE_SIGN_STYLE = Automatic;
				GENERATE_INFOPLIST_FILE = YES;
				MACOSX_DEPLOYMENT_TARGET = 14.0;
				PRODUCT_BUNDLE_IDENTIFIER = com.guigx.macicns.tests;
				PRODUCT_NAME = "$(TARGET_NAME)";
				SDKROOT = macosx;
				SWIFT_VERSION = 6.0;
				TEST_HOST = "$(BUILT_PRODUCTS_DIR)/MacICNS.app/Contents/MacOS/MacICNS";
			};
			name = Release;
		};
/* End XCBuildConfiguration section */

/* Begin XCConfigurationList section */
		A10000000000000000000080 /* Build configuration list for PBXProject "MacICNS" */ = {
			isa = XCConfigurationList;
			buildConfigurations = (
				A100000000000000000000B0 /* Debug */,
				A100000000000000000000B1 /* Release */,
			);
			defaultConfigurationIsVisible = 0;
			defaultConfigurationName = Release;
		};
		A10000000000000000000081 /* Build configuration list for PBXNativeTarget "MacICNS" */ = {
			isa = XCConfigurationList;
			buildConfigurations = (
				A100000000000000000000C0 /* Debug */,
				A100000000000000000000C1 /* Release */,
			);
			defaultConfigurationIsVisible = 0;
			defaultConfigurationName = Release;
		};
		A10000000000000000000083 /* Build configuration list for PBXNativeTarget "MacICNSTests" */ = {
			isa = XCConfigurationList;
			buildConfigurations = (
				A100000000000000000000E0 /* Debug */,
				A100000000000000000000E1 /* Release */,
			);
			defaultConfigurationIsVisible = 0;
			defaultConfigurationName = Release;
		};
/* End XCConfigurationList section */
	};
	rootObject = A10000000000000000000040 /* Project object */;
}
